
Microsoft Visual Studio Solution File, Format Version 12.00
# Visual Studio Version 16
VisualStudioVersion = 16.0.29519.181
MinimumVisualStudioVersion = 10.0.40219.1
Project("{9A19103F-16F7-4668-BE54-9A1E7A4F7556}") = "ShopApp.Entities", "ShopApp.Entities\ShopApp.Entities.csproj", "{D6463F13-0D7D-41E6-B9F3-B0686614339D}"
EndProject
Project("{FAE04EC0-301F-11D3-BF4B-00C04F79EFBC}") = "ShopApp.DataAccess", "ShopApp.DataAccess\ShopApp.DataAccess.csproj", "{A07E3F19-989D-43B7-8366-D458268D2D2A}"
EndProject
Project("{FAE04EC0-301F-11D3-BF4B-00C04F79EFBC}") = "ShopApp.Business", "ShopApp.Business\ShopApp.Business.csproj", "{BF0E9E98-E54F-4028-A0A9-61750604DCEA}"
EndProject
Project("{FAE04EC0-301F-11D3-BF4B-00C04F79EFBC}") = "ShopApp.WebUI", "ShopApp.WebUI\ShopApp.WebUI.csproj", "{7F0CFFA0-EA78-4575-B614-D6295E12E21D}"
EndProject
Global
	GlobalSection(SolutionConfigurationPlatforms) = preSolution
		Debug|Any CPU = Debug|Any CPU
		Release|Any CPU = Release|Any CPU
	EndGlobalSection
	GlobalSection(ProjectConfigurationPlatforms) = postSolution
		{D6463F13-0D7D-41E6-B9F3-B0686614339D}.Debug|Any CPU.ActiveCfg = Debug|Any CPU
		{D6463F13-0D7D-41E6-B9F3-B0686614339D}.Debug|Any CPU.Build.0 = Debug|Any CPU
		{D6463F13-0D7D-41E6-B9F3-B0686614339D}.Release|Any CPU.ActiveCfg = Release|Any CPU
		{D6463F13-0D7D-41E6-B9F3-B0686614339D}.Release|Any CPU.Build.0 = Release|Any CPU
		{A07E3F19-989D-43B7-8366-D458268D2D2A}.Debug|Any CPU.ActiveCfg = Debug|Any CPU
		{A07E3F19-989D-43B7-8366-D458268D2D2A}.Debug|Any CPU.Build.0 = Debug|Any CPU
		{A07E3F19-989D-43B7-8366-D458268D2D2A}.Release|Any CPU.ActiveCfg = Release|Any CPU
		{A07E3F19-989D-43B7-8366-D458268D2D2A}.Release|Any CPU.Build.0 = Release|Any CPU
		{BF0E9E98-E54F-4028-A0A9-61750604DCEA}.Debug|Any CPU.ActiveCfg = Debug|Any CPU
		{BF0E9E98-E54F-4028-A0A9-61750604DCEA}.Debug|Any CPU.Build.0 = Debug|Any CPU
		{BF0E9E98-E54F-4028-A0A9-61750604DCEA}.Release|Any CPU.ActiveCfg = Release|Any CPU
		{BF0E9E98-E54F-4028-A0A9-61750604DCEA}.Release|Any CPU.Build.0 = Release|Any CPU
		{7F0CFFA0-EA78-4575-B614-D6295E12E21D}.Debug|Any CPU.ActiveCfg = Debug|Any CPU
		{7F0CFFA0-EA78-4575-B614-D6295E12E21D}.Debug|Any CPU.Build.0 = Debug|Any CPU
		{7F0CFFA0-EA78-4575-B614-D6295E12E21D}.Release|Any CPU.ActiveCfg = Release|Any CPU
		{7F0CFFA0-EA78-4575-B614-D6295E12E21D}.Release|Any CPU.Build.0 = Release|Any CPU
	EndGlobalSection
	GlobalSection(SolutionProperties) = preSolution
		HideSolutionNode = FALSE
	EndGlobalSection
	GlobalSection(ExtensibilityGlobals) = postSolution
		SolutionGuid = {C3C08291-E244-4133-BEDD-7321E260BEBC}
	EndGlobalSection
EndGlobal
